{
    "version": 3,
    "terraform_version": "0.9.2",
    "serial": 13,
    "lineage": "1a0c462a-be5f-4dcd-8fb7-98dba912a821",
    "modules": [
        {
            "path": [
                "root"
            ],
            "outputs": {},
            "resources": {
                "aws_elb.dev": {
                    "type": "aws_elb",
                    "depends_on": [
                        "aws_instance.dev",
                        "aws_instance.dev",
                        "aws_security_group.elb_sg",
                        "aws_security_group.elb_sg",
                        "data.aws_subnet.vpc"
                    ],
                    "primary": {
                        "id": "Dev-temp",
                        "attributes": {
                            "access_logs.#": "0",
                            "availability_zones.#": "1",
                            "availability_zones.1360892230": "us-west-1c",
                            "connection_draining": "false",
                            "connection_draining_timeout": "300",
                            "cross_zone_load_balancing": "false",
                            "dns_name": "Dev-temp-535069609.us-west-1.elb.amazonaws.com",
                            "health_check.#": "1",
                            "health_check.0.healthy_threshold": "2",
                            "health_check.0.interval": "30",
                            "health_check.0.target": "TCP:80",
                            "health_check.0.timeout": "3",
                            "health_check.0.unhealthy_threshold": "2",
                            "id": "Dev-temp",
                            "idle_timeout": "400",
                            "instances.#": "1",
                            "instances.1278726229": "i-0072a592bd6233829",
                            "internal": "false",
                            "listener.#": "1",
                            "listener.3057123346.instance_port": "80",
                            "listener.3057123346.instance_protocol": "http",
                            "listener.3057123346.lb_port": "80",
                            "listener.3057123346.lb_protocol": "http",
                            "listener.3057123346.ssl_certificate_id": "",
                            "name": "Dev-temp",
                            "security_groups.#": "1",
                            "security_groups.1826775676": "sg-c75b69a0",
                            "source_security_group": "593722908892/temp-elb-sg",
                            "source_security_group_id": "sg-c75b69a0",
                            "subnets.#": "1",
                            "subnets.710216446": "subnet-9fbd00fa",
                            "tags.%": "4",
                            "tags.Name": "dev-elb-temp",
                            "tags.application": "temp",
                            "tags.env": "Dev",
                            "tags.role": "temp",
                            "zone_id": "Z368ELLRRE2KJ0"
                        },
                        "meta": {},
                        "tainted": false
                    },
                    "deposed": [],
                    "provider": ""
                },
                "aws_elb.prod": {
                    "type": "aws_elb",
                    "depends_on": [
                        "aws_instance.prod",
                        "aws_instance.prod",
                        "aws_security_group.elb_sg",
                        "aws_security_group.elb_sg",
                        "data.aws_subnet.vpc"
                    ],
                    "primary": {
                        "id": "Prod-temp",
                        "attributes": {
                            "access_logs.#": "0",
                            "availability_zones.#": "1",
                            "availability_zones.1360892230": "us-west-1c",
                            "connection_draining": "false",
                            "connection_draining_timeout": "300",
                            "cross_zone_load_balancing": "false",
                            "dns_name": "Prod-temp-232144078.us-west-1.elb.amazonaws.com",
                            "health_check.#": "1",
                            "health_check.0.healthy_threshold": "2",
                            "health_check.0.interval": "30",
                            "health_check.0.target": "TCP:80",
                            "health_check.0.timeout": "3",
                            "health_check.0.unhealthy_threshold": "2",
                            "id": "Prod-temp",
                            "idle_timeout": "400",
                            "instances.#": "1",
                            "instances.378162951": "i-066a5714641e528ed",
                            "internal": "false",
                            "listener.#": "1",
                            "listener.3057123346.instance_port": "80",
                            "listener.3057123346.instance_protocol": "http",
                            "listener.3057123346.lb_port": "80",
                            "listener.3057123346.lb_protocol": "http",
                            "listener.3057123346.ssl_certificate_id": "",
                            "name": "Prod-temp",
                            "security_groups.#": "1",
                            "security_groups.1826775676": "sg-c75b69a0",
                            "source_security_group": "593722908892/temp-elb-sg",
                            "source_security_group_id": "sg-c75b69a0",
                            "subnets.#": "1",
                            "subnets.710216446": "subnet-9fbd00fa",
                            "tags.%": "4",
                            "tags.Name": "production-elb-temp",
                            "tags.application": "temp",
                            "tags.env": "Prod",
                            "tags.role": "temp",
                            "zone_id": "Z368ELLRRE2KJ0"
                        },
                        "meta": {},
                        "tainted": false
                    },
                    "deposed": [],
                    "provider": ""
                },
                "aws_elb.stage": {
                    "type": "aws_elb",
                    "depends_on": [
                        "aws_instance.stage",
                        "aws_instance.stage",
                        "aws_security_group.elb_sg",
                        "aws_security_group.elb_sg",
                        "data.aws_subnet.vpc"
                    ],
                    "primary": {
                        "id": "Stage-temp",
                        "attributes": {
                            "access_logs.#": "0",
                            "availability_zones.#": "1",
                            "availability_zones.1360892230": "us-west-1c",
                            "connection_draining": "false",
                            "connection_draining_timeout": "300",
                            "cross_zone_load_balancing": "false",
                            "dns_name": "Stage-temp-1088732471.us-west-1.elb.amazonaws.com",
                            "health_check.#": "1",
                            "health_check.0.healthy_threshold": "2",
                            "health_check.0.interval": "30",
                            "health_check.0.target": "TCP:80",
                            "health_check.0.timeout": "3",
                            "health_check.0.unhealthy_threshold": "2",
                            "id": "Stage-temp",
                            "idle_timeout": "400",
                            "instances.#": "1",
                            "instances.245804623": "i-062c08e16a197f467",
                            "internal": "false",
                            "listener.#": "1",
                            "listener.3057123346.instance_port": "80",
                            "listener.3057123346.instance_protocol": "http",
                            "listener.3057123346.lb_port": "80",
                            "listener.3057123346.lb_protocol": "http",
                            "listener.3057123346.ssl_certificate_id": "",
                            "name": "Stage-temp",
                            "security_groups.#": "1",
                            "security_groups.1826775676": "sg-c75b69a0",
                            "source_security_group": "593722908892/temp-elb-sg",
                            "source_security_group_id": "sg-c75b69a0",
                            "subnets.#": "1",
                            "subnets.710216446": "subnet-9fbd00fa",
                            "tags.%": "4",
                            "tags.Name": "staging-elb-temp",
                            "tags.application": "temp",
                            "tags.env": "Staging",
                            "tags.role": "temp",
                            "zone_id": "Z368ELLRRE2KJ0"
                        },
                        "meta": {},
                        "tainted": false
                    },
                    "deposed": [],
                    "provider": ""
                },
                "aws_instance.dev": {
                    "type": "aws_instance",
                    "depends_on": [
                        "aws_security_group.instance_sg",
                        "aws_security_group.instance_sg"
                    ],
                    "primary": {
                        "id": "i-0072a592bd6233829",
                        "attributes": {
                            "ami": "ami-d8bdebb8",
                            "associate_public_ip_address": "true",
                            "availability_zone": "us-west-1c",
                            "disable_api_termination": "false",
                            "ebs_block_device.#": "0",
                            "ebs_optimized": "false",
                            "ephemeral_block_device.#": "0",
                            "iam_instance_profile": "",
                            "id": "i-0072a592bd6233829",
                            "instance_state": "running",
                            "instance_type": "t2.micro",
                            "ipv6_address_count": "0",
                            "ipv6_addresses.#": "0",
                            "key_name": "alfonsovaldes",
                            "monitoring": "false",
                            "network_interface_id": "eni-0dd59c20",
                            "private_dns": "ip-172-31-19-54.us-west-1.compute.internal",
                            "private_ip": "172.31.19.54",
                            "public_dns": "ec2-54-183-241-134.us-west-1.compute.amazonaws.com",
                            "public_ip": "54.183.241.134",
                            "root_block_device.#": "1",
                            "root_block_device.0.delete_on_termination": "true",
                            "root_block_device.0.iops": "100",
                            "root_block_device.0.volume_size": "8",
                            "root_block_device.0.volume_type": "gp2",
                            "security_groups.#": "0",
                            "source_dest_check": "true",
                            "subnet_id": "subnet-9fbd00fa",
                            "tags.%": "5",
                            "tags.Name": "dev-temp",
                            "tags.application": "temp",
                            "tags.configuration_management": "ansible",
                            "tags.env": "Dev",
                            "tags.role": "temp",
                            "tenancy": "default",
                            "vpc_security_group_ids.#": "1",
                            "vpc_security_group_ids.3309425346": "sg-325b6955"
                        },
                        "meta": {
                            "schema_version": "1"
                        },
                        "tainted": false
                    },
                    "deposed": [],
                    "provider": ""
                },
                "aws_instance.prod": {
                    "type": "aws_instance",
                    "depends_on": [
                        "aws_security_group.instance_sg",
                        "aws_security_group.instance_sg"
                    ],
                    "primary": {
                        "id": "i-066a5714641e528ed",
                        "attributes": {
                            "ami": "ami-d8bdebb8",
                            "associate_public_ip_address": "true",
                            "availability_zone": "us-west-1c",
                            "disable_api_termination": "false",
                            "ebs_block_device.#": "0",
                            "ebs_optimized": "false",
                            "ephemeral_block_device.#": "0",
                            "iam_instance_profile": "",
                            "id": "i-066a5714641e528ed",
                            "instance_state": "running",
                            "instance_type": "t2.micro",
                            "ipv6_address_count": "0",
                            "ipv6_addresses.#": "0",
                            "key_name": "alfonsovaldes",
                            "monitoring": "false",
                            "network_interface_id": "eni-1cd49d31",
                            "private_dns": "ip-172-31-22-101.us-west-1.compute.internal",
                            "private_ip": "172.31.22.101",
                            "public_dns": "ec2-13-56-82-162.us-west-1.compute.amazonaws.com",
                            "public_ip": "13.56.82.162",
                            "root_block_device.#": "1",
                            "root_block_device.0.delete_on_termination": "true",
                            "root_block_device.0.iops": "100",
                            "root_block_device.0.volume_size": "8",
                            "root_block_device.0.volume_type": "gp2",
                            "security_groups.#": "0",
                            "source_dest_check": "true",
                            "subnet_id": "subnet-9fbd00fa",
                            "tags.%": "5",
                            "tags.Name": "production-temp",
                            "tags.application": "temp",
                            "tags.configuration_management": "ansible",
                            "tags.env": "Prod",
                            "tags.role": "temp",
                            "tenancy": "default",
                            "vpc_security_group_ids.#": "1",
                            "vpc_security_group_ids.3309425346": "sg-325b6955"
                        },
                        "meta": {
                            "schema_version": "1"
                        },
                        "tainted": false
                    },
                    "deposed": [],
                    "provider": ""
                },
                "aws_instance.stage": {
                    "type": "aws_instance",
                    "depends_on": [
                        "aws_security_group.instance_sg",
                        "aws_security_group.instance_sg"
                    ],
                    "primary": {
                        "id": "i-062c08e16a197f467",
                        "attributes": {
                            "ami": "ami-d8bdebb8",
                            "associate_public_ip_address": "true",
                            "availability_zone": "us-west-1c",
                            "disable_api_termination": "false",
                            "ebs_block_device.#": "0",
                            "ebs_optimized": "false",
                            "ephemeral_block_device.#": "0",
                            "iam_instance_profile": "",
                            "id": "i-062c08e16a197f467",
                            "instance_state": "running",
                            "instance_type": "t2.micro",
                            "ipv6_address_count": "0",
                            "ipv6_addresses.#": "0",
                            "key_name": "alfonsovaldes",
                            "monitoring": "false",
                            "network_interface_id": "eni-57d0997a",
                            "private_dns": "ip-172-31-30-152.us-west-1.compute.internal",
                            "private_ip": "172.31.30.152",
                            "public_dns": "ec2-54-215-221-36.us-west-1.compute.amazonaws.com",
                            "public_ip": "54.215.221.36",
                            "root_block_device.#": "1",
                            "root_block_device.0.delete_on_termination": "true",
                            "root_block_device.0.iops": "100",
                            "root_block_device.0.volume_size": "8",
                            "root_block_device.0.volume_type": "gp2",
                            "security_groups.#": "0",
                            "source_dest_check": "true",
                            "subnet_id": "subnet-9fbd00fa",
                            "tags.%": "5",
                            "tags.Name": "staging-temp",
                            "tags.application": "temp",
                            "tags.configuration_management": "ansible",
                            "tags.env": "Staging",
                            "tags.role": "temp",
                            "tenancy": "default",
                            "vpc_security_group_ids.#": "1",
                            "vpc_security_group_ids.3309425346": "sg-325b6955"
                        },
                        "meta": {
                            "schema_version": "1"
                        },
                        "tainted": false
                    },
                    "deposed": [],
                    "provider": ""
                },
                "aws_route53_record.dev": {
                    "type": "aws_route53_record",
                    "depends_on": [
                        "aws_elb.dev",
                        "aws_elb.dev",
                        "aws_elb.dev"
                    ],
                    "primary": {
                        "id": "Z1VXM80ILEGRIR_temp-dev_A",
                        "attributes": {
                            "alias.#": "1",
                            "alias.2409847828.evaluate_target_health": "true",
                            "alias.2409847828.name": "dev-temp-535069609.us-west-1.elb.amazonaws.com",
                            "alias.2409847828.zone_id": "Z368ELLRRE2KJ0",
                            "fqdn": "temp-dev.highperformance.com",
                            "health_check_id": "",
                            "id": "Z1VXM80ILEGRIR_temp-dev_A",
                            "name": "temp-dev",
                            "records.#": "0",
                            "set_identifier": "",
                            "ttl": "0",
                            "type": "A",
                            "zone_id": "Z1VXM80ILEGRIR"
                        },
                        "meta": {
                            "schema_version": "2"
                        },
                        "tainted": false
                    },
                    "deposed": [],
                    "provider": ""
                },
                "aws_route53_record.prod": {
                    "type": "aws_route53_record",
                    "depends_on": [
                        "aws_elb.prod",
                        "aws_elb.prod",
                        "aws_elb.prod"
                    ],
                    "primary": {
                        "id": "Z1VXM80ILEGRIR_temp_A",
                        "attributes": {
                            "alias.#": "1",
                            "alias.306267404.evaluate_target_health": "true",
                            "alias.306267404.name": "prod-temp-232144078.us-west-1.elb.amazonaws.com",
                            "alias.306267404.zone_id": "Z368ELLRRE2KJ0",
                            "fqdn": "temp.highperformance.com",
                            "health_check_id": "",
                            "id": "Z1VXM80ILEGRIR_temp_A",
                            "name": "temp",
                            "records.#": "0",
                            "set_identifier": "",
                            "ttl": "0",
                            "type": "A",
                            "zone_id": "Z1VXM80ILEGRIR"
                        },
                        "meta": {
                            "schema_version": "2"
                        },
                        "tainted": false
                    },
                    "deposed": [],
                    "provider": ""
                },
                "aws_route53_record.stage": {
                    "type": "aws_route53_record",
                    "depends_on": [
                        "aws_elb.stage",
                        "aws_elb.stage",
                        "aws_elb.stage"
                    ],
                    "primary": {
                        "id": "Z1VXM80ILEGRIR_temp-staging_A",
                        "attributes": {
                            "alias.#": "1",
                            "alias.1696436814.evaluate_target_health": "true",
                            "alias.1696436814.name": "stage-temp-1088732471.us-west-1.elb.amazonaws.com",
                            "alias.1696436814.zone_id": "Z368ELLRRE2KJ0",
                            "fqdn": "temp-staging.highperformance.com",
                            "health_check_id": "",
                            "id": "Z1VXM80ILEGRIR_temp-staging_A",
                            "name": "temp-staging",
                            "records.#": "0",
                            "set_identifier": "",
                            "ttl": "0",
                            "type": "A",
                            "zone_id": "Z1VXM80ILEGRIR"
                        },
                        "meta": {
                            "schema_version": "2"
                        },
                        "tainted": false
                    },
                    "deposed": [],
                    "provider": ""
                },
                "aws_security_group.elb_sg": {
                    "type": "aws_security_group",
                    "depends_on": [
                        "data.aws_subnet.vpc"
                    ],
                    "primary": {
                        "id": "sg-c75b69a0",
                        "attributes": {
                            "description": "general security group for the Elastic Load Balancers",
                            "egress.#": "1",
                            "egress.482069346.cidr_blocks.#": "1",
                            "egress.482069346.cidr_blocks.0": "0.0.0.0/0",
                            "egress.482069346.from_port": "0",
                            "egress.482069346.ipv6_cidr_blocks.#": "0",
                            "egress.482069346.prefix_list_ids.#": "0",
                            "egress.482069346.protocol": "-1",
                            "egress.482069346.security_groups.#": "0",
                            "egress.482069346.self": "false",
                            "egress.482069346.to_port": "0",
                            "id": "sg-c75b69a0",
                            "ingress.#": "2",
                            "ingress.2995531591.cidr_blocks.#": "1",
                            "ingress.2995531591.cidr_blocks.0": "0.0.0.0/0",
                            "ingress.2995531591.from_port": "0",
                            "ingress.2995531591.ipv6_cidr_blocks.#": "0",
                            "ingress.2995531591.protocol": "tcp",
                            "ingress.2995531591.security_groups.#": "0",
                            "ingress.2995531591.self": "false",
                            "ingress.2995531591.to_port": "80",
                            "ingress.4007424846.cidr_blocks.#": "1",
                            "ingress.4007424846.cidr_blocks.0": "0.0.0.0/0",
                            "ingress.4007424846.from_port": "0",
                            "ingress.4007424846.ipv6_cidr_blocks.#": "0",
                            "ingress.4007424846.protocol": "tcp",
                            "ingress.4007424846.security_groups.#": "0",
                            "ingress.4007424846.self": "false",
                            "ingress.4007424846.to_port": "443",
                            "name": "temp-elb-sg",
                            "owner_id": "593722908892",
                            "tags.%": "0",
                            "vpc_id": "vpc-2eca164b"
                        },
                        "meta": {},
                        "tainted": false
                    },
                    "deposed": [],
                    "provider": ""
                },
                "aws_security_group.instance_sg": {
                    "type": "aws_security_group",
                    "depends_on": [
                        "data.aws_subnet.vpc"
                    ],
                    "primary": {
                        "id": "sg-325b6955",
                        "attributes": {
                            "description": "general security group for the instances",
                            "egress.#": "1",
                            "egress.482069346.cidr_blocks.#": "1",
                            "egress.482069346.cidr_blocks.0": "0.0.0.0/0",
                            "egress.482069346.from_port": "0",
                            "egress.482069346.ipv6_cidr_blocks.#": "0",
                            "egress.482069346.prefix_list_ids.#": "0",
                            "egress.482069346.protocol": "-1",
                            "egress.482069346.security_groups.#": "0",
                            "egress.482069346.self": "false",
                            "egress.482069346.to_port": "0",
                            "id": "sg-325b6955",
                            "ingress.#": "3",
                            "ingress.1911780872.cidr_blocks.#": "1",
                            "ingress.1911780872.cidr_blocks.0": "0.0.0.0/0",
                            "ingress.1911780872.from_port": "0",
                            "ingress.1911780872.ipv6_cidr_blocks.#": "0",
                            "ingress.1911780872.protocol": "tcp",
                            "ingress.1911780872.security_groups.#": "0",
                            "ingress.1911780872.self": "false",
                            "ingress.1911780872.to_port": "22",
                            "ingress.2995531591.cidr_blocks.#": "1",
                            "ingress.2995531591.cidr_blocks.0": "0.0.0.0/0",
                            "ingress.2995531591.from_port": "0",
                            "ingress.2995531591.ipv6_cidr_blocks.#": "0",
                            "ingress.2995531591.protocol": "tcp",
                            "ingress.2995531591.security_groups.#": "0",
                            "ingress.2995531591.self": "false",
                            "ingress.2995531591.to_port": "80",
                            "ingress.4007424846.cidr_blocks.#": "1",
                            "ingress.4007424846.cidr_blocks.0": "0.0.0.0/0",
                            "ingress.4007424846.from_port": "0",
                            "ingress.4007424846.ipv6_cidr_blocks.#": "0",
                            "ingress.4007424846.protocol": "tcp",
                            "ingress.4007424846.security_groups.#": "0",
                            "ingress.4007424846.self": "false",
                            "ingress.4007424846.to_port": "443",
                            "name": "temp-lb-sg",
                            "owner_id": "593722908892",
                            "tags.%": "0",
                            "vpc_id": "vpc-2eca164b"
                        },
                        "meta": {},
                        "tainted": false
                    },
                    "deposed": [],
                    "provider": ""
                },
                "data.aws_subnet.vpc": {
                    "type": "aws_subnet",
                    "depends_on": [],
                    "primary": {
                        "id": "subnet-9fbd00fa",
                        "attributes": {
                            "availability_zone": "us-west-1c",
                            "cidr_block": "172.31.16.0/20",
                            "default_for_az": "true",
                            "id": "subnet-9fbd00fa",
                            "state": "available",
                            "tags.%": "0",
                            "vpc_id": "vpc-2eca164b"
                        },
                        "meta": {},
                        "tainted": false
                    },
                    "deposed": [],
                    "provider": ""
                }
            },
            "depends_on": []
        }
    ]
}
